
Microsoft Visual Studio Solution File, Format Version 12.00
# Visual Studio Version 17
VisualStudioVersion = 17.13.35828.75 d17.13
MinimumVisualStudioVersion = 10.0.40219.1
Project("{FAE04EC0-301F-11D3-BF4B-00C04F79EFBC}") = "First.PL", "First.PL\First.PL.csproj", "{7B2A37AE-6CCE-4E07-8A23-8980A19C8519}"
EndProject
Project("{FAE04EC0-301F-11D3-BF4B-00C04F79EFBC}") = "First.BLL", "First.BLL\First.BLL.csproj", "{C0F95D9C-35E7-4AFB-9FC6-D95189186DB7}"
EndProject
Project("{FAE04EC0-301F-11D3-BF4B-00C04F79EFBC}") = "First.DAL", "First.DAL\First.DAL.csproj", "{F2B5DB7B-E380-4B3F-B81C-DFE57478C2B9}"
EndProject
Global
	GlobalSection(SolutionConfigurationPlatforms) = preSolution
		Debug|Any CPU = Debug|Any CPU
		Release|Any CPU = Release|Any CPU
	EndGlobalSection
	GlobalSection(ProjectConfigurationPlatforms) = postSolution
		{7B2A37AE-6CCE-4E07-8A23-8980A19C8519}.Debug|Any CPU.ActiveCfg = Debug|Any CPU
		{7B2A37AE-6CCE-4E07-8A23-8980A19C8519}.Debug|Any CPU.Build.0 = Debug|Any CPU
		{7B2A37AE-6CCE-4E07-8A23-8980A19C8519}.Release|Any CPU.ActiveCfg = Release|Any CPU
		{7B2A37AE-6CCE-4E07-8A23-8980A19C8519}.Release|Any CPU.Build.0 = Release|Any CPU
		{C0F95D9C-35E7-4AFB-9FC6-D95189186DB7}.Debug|Any CPU.ActiveCfg = Debug|Any CPU
		{C0F95D9C-35E7-4AFB-9FC6-D95189186DB7}.Debug|Any CPU.Build.0 = Debug|Any CPU
		{C0F95D9C-35E7-4AFB-9FC6-D95189186DB7}.Release|Any CPU.ActiveCfg = Release|Any CPU
		{C0F95D9C-35E7-4AFB-9FC6-D95189186DB7}.Release|Any CPU.Build.0 = Release|Any CPU
		{F2B5DB7B-E380-4B3F-B81C-DFE57478C2B9}.Debug|Any CPU.ActiveCfg = Debug|Any CPU
		{F2B5DB7B-E380-4B3F-B81C-DFE57478C2B9}.Debug|Any CPU.Build.0 = Debug|Any CPU
		{F2B5DB7B-E380-4B3F-B81C-DFE57478C2B9}.Release|Any CPU.ActiveCfg = Release|Any CPU
		{F2B5DB7B-E380-4B3F-B81C-DFE57478C2B9}.Release|Any CPU.Build.0 = Release|Any CPU
	EndGlobalSection
	GlobalSection(SolutionProperties) = preSolution
		HideSolutionNode = FALSE
	EndGlobalSection
	GlobalSection(ExtensibilityGlobals) = postSolution
		SolutionGuid = {F0A03C3B-FB66-4D90-97D5-9F182BB3492C}
	EndGlobalSection
EndGlobal
